// !$*UTF8*$!
{
	archiveVersion = 1;
	classes = {
	};
	objectVersion = 56;
	objects = {

/* Begin PBXBuildFile section */
		DC825274297AF5780084389C /* AppDelegate.swift in Sources */ = {isa = PBXBuildFile; fileRef = DC825273297AF5780084389C /* AppDelegate.swift */; };
		DC825276297AF5780084389C /* SceneDelegate.swift in Sources */ = {isa = PBXBuildFile; fileRef = DC825275297AF5780084389C /* SceneDelegate.swift */; };
		DC825279297AF5780084389C /* LaunchScreen.storyboard in Resources */ = {isa = PBXBuildFile; fileRef = DC825277297AF5780084389C /* LaunchScreen.storyboard */; };
		DC82527C297AF5780084389C /* Main.storyboard in Resources */ = {isa = PBXBuildFile; fileRef = DC82527A297AF5780084389C /* Main.storyboard */; };
		DC825285297AF5780084389C /* AppDelegate.swift in Sources */ = {isa = PBXBuildFile; fileRef = DC825284297AF5780084389C /* AppDelegate.swift */; };
		DC825288297AF5780084389C /* Main.storyboard in Resources */ = {isa = PBXBuildFile; fileRef = DC825286297AF5780084389C /* Main.storyboard */; };
		DC82528F297AF5780084389C /* Dark Mode Extension.appex in Embed Foundation Extensions */ = {isa = PBXBuildFile; fileRef = DC82528E297AF5780084389C /* Dark Mode Extension.appex */; settings = {ATTRIBUTES = (RemoveHeadersOnCopy, ); }; };
		DC825299297AF5780084389C /* Dark Mode Extension.appex in Embed Foundation Extensions */ = {isa = PBXBuildFile; fileRef = DC825298297AF5780084389C /* Dark Mode Extension.appex */; settings = {ATTRIBUTES = (RemoveHeadersOnCopy, ); }; };
		DC82529F297AF5780084389C /* Main.html in Resources */ = {isa = PBXBuildFile; fileRef = DC82525A297AF5770084389C /* Main.html */; };
		DC8252A0297AF5780084389C /* Main.html in Resources */ = {isa = PBXBuildFile; fileRef = DC82525A297AF5770084389C /* Main.html */; };
		DC8252A1297AF5780084389C /* Icon.png in Resources */ = {isa = PBXBuildFile; fileRef = DC82525C297AF5770084389C /* Icon.png */; };
		DC8252A2297AF5780084389C /* Icon.png in Resources */ = {isa = PBXBuildFile; fileRef = DC82525C297AF5770084389C /* Icon.png */; };
		DC8252A3297AF5780084389C /* Style.css in Resources */ = {isa = PBXBuildFile; fileRef = DC82525D297AF5770084389C /* Style.css */; };
		DC8252A4297AF5780084389C /* Style.css in Resources */ = {isa = PBXBuildFile; fileRef = DC82525D297AF5770084389C /* Style.css */; };
		DC8252A5297AF5780084389C /* Script.js in Resources */ = {isa = PBXBuildFile; fileRef = DC82525E297AF5770084389C /* Script.js */; };
		DC8252A6297AF5780084389C /* Script.js in Resources */ = {isa = PBXBuildFile; fileRef = DC82525E297AF5770084389C /* Script.js */; };
		DC8252A7297AF5780084389C /* ViewController.swift in Sources */ = {isa = PBXBuildFile; fileRef = DC82525F297AF5770084389C /* ViewController.swift */; };
		DC8252A8297AF5780084389C /* ViewController.swift in Sources */ = {isa = PBXBuildFile; fileRef = DC82525F297AF5770084389C /* ViewController.swift */; };
		DC8252A9297AF5780084389C /* Assets.xcassets in Resources */ = {isa = PBXBuildFile; fileRef = DC825260297AF5780084389C /* Assets.xcassets */; };
		DC8252AA297AF5780084389C /* Assets.xcassets in Resources */ = {isa = PBXBuildFile; fileRef = DC825260297AF5780084389C /* Assets.xcassets */; };
		DC8252AB297AF5780084389C /* SafariWebExtensionHandler.swift in Sources */ = {isa = PBXBuildFile; fileRef = DC825262297AF5780084389C /* SafariWebExtensionHandler.swift */; };
		DC8252AC297AF5780084389C /* SafariWebExtensionHandler.swift in Sources */ = {isa = PBXBuildFile; fileRef = DC825262297AF5780084389C /* SafariWebExtensionHandler.swift */; };
		DC8252AD297AF5780084389C /* _locales in Resources */ = {isa = PBXBuildFile; fileRef = DC825264297AF5780084389C /* _locales */; };
		DC8252AE297AF5780084389C /* _locales in Resources */ = {isa = PBXBuildFile; fileRef = DC825264297AF5780084389C /* _locales */; };
		DC8252AF297AF5780084389C /* images in Resources */ = {isa = PBXBuildFile; fileRef = DC825265297AF5780084389C /* images */; };
		DC8252B0297AF5780084389C /* images in Resources */ = {isa = PBXBuildFile; fileRef = DC825265297AF5780084389C /* images */; };
		DC8252B1297AF5780084389C /* manifest.json in Resources */ = {isa = PBXBuildFile; fileRef = DC825266297AF5780084389C /* manifest.json */; };
		DC8252B2297AF5780084389C /* manifest.json in Resources */ = {isa = PBXBuildFile; fileRef = DC825266297AF5780084389C /* manifest.json */; };
		DC8252B3297AF5780084389C /* background.js in Resources */ = {isa = PBXBuildFile; fileRef = DC825267297AF5780084389C /* background.js */; };
		DC8252B4297AF5780084389C /* background.js in Resources */ = {isa = PBXBuildFile; fileRef = DC825267297AF5780084389C /* background.js */; };
		DC8252B5297AF5780084389C /* content.js in Resources */ = {isa = PBXBuildFile; fileRef = DC825268297AF5780084389C /* content.js */; };
		DC8252B6297AF5780084389C /* content.js in Resources */ = {isa = PBXBuildFile; fileRef = DC825268297AF5780084389C /* content.js */; };
		DC8252B7297AF5780084389C /* popup.html in Resources */ = {isa = PBXBuildFile; fileRef = DC825269297AF5780084389C /* popup.html */; };
		DC8252B8297AF5780084389C /* popup.html in Resources */ = {isa = PBXBuildFile; fileRef = DC825269297AF5780084389C /* popup.html */; };
		DC8252B9297AF5780084389C /* popup.css in Resources */ = {isa = PBXBuildFile; fileRef = DC82526A297AF5780084389C /* popup.css */; };
		DC8252BA297AF5780084389C /* popup.css in Resources */ = {isa = PBXBuildFile; fileRef = DC82526A297AF5780084389C /* popup.css */; };
		DC8252BB297AF5780084389C /* popup.js in Resources */ = {isa = PBXBuildFile; fileRef = DC82526B297AF5780084389C /* popup.js */; };
		DC8252BC297AF5780084389C /* popup.js in Resources */ = {isa = PBXBuildFile; fileRef = DC82526B297AF5780084389C /* popup.js */; };
/* End PBXBuildFile section */

/* Begin PBXContainerItemProxy section */
		DC825290297AF5780084389C /* PBXContainerItemProxy */ = {
			isa = PBXContainerItemProxy;
			containerPortal = DC825254297AF5760084389C /* Project object */;
			proxyType = 1;
			remoteGlobalIDString = DC82528D297AF5780084389C;
			remoteInfo = "Dark Mode Extension (iOS)";
		};
		DC82529A297AF5780084389C /* PBXContainerItemProxy */ = {
			isa = PBXContainerItemProxy;
			containerPortal = DC825254297AF5760084389C /* Project object */;
			proxyType = 1;
			remoteGlobalIDString = DC825297297AF5780084389C;
			remoteInfo = "Dark Mode Extension (macOS)";
		};
/* End PBXContainerItemProxy section */

/* Begin PBXCopyFilesBuildPhase section */
		DC8252C2297AF5780084389C /* Embed Foundation Extensions */ = {
			isa = PBXCopyFilesBuildPhase;
			buildActionMask = 2147483647;
			dstPath = "";
			dstSubfolderSpec = 13;
			files = (
				DC82528F297AF5780084389C /* Dark Mode Extension.appex in Embed Foundation Extensions */,
			);
			name = "Embed Foundation Extensions";
			runOnlyForDeploymentPostprocessing = 0;
		};
		DC8252C9297AF5780084389C /* Embed Foundation Extensions */ = {
			isa = PBXCopyFilesBuildPhase;
			buildActionMask = 2147483647;
			dstPath = "";
			dstSubfolderSpec = 13;
			files = (
				DC825299297AF5780084389C /* Dark Mode Extension.appex in Embed Foundation Extensions */,
			);
			name = "Embed Foundation Extensions";
			runOnlyForDeploymentPostprocessing = 0;
		};
/* End PBXCopyFilesBuildPhase section */

/* Begin PBXFileReference section */
		DC82525B297AF5770084389C /* Base */ = {isa = PBXFileReference; lastKnownFileType = text.html; name = Base; path = ../Base.lproj/Main.html; sourceTree = "<group>"; };
		DC82525C297AF5770084389C /* Icon.png */ = {isa = PBXFileReference; lastKnownFileType = image.png; path = Icon.png; sourceTree = "<group>"; };
		DC82525D297AF5770084389C /* Style.css */ = {isa = PBXFileReference; lastKnownFileType = text.css; path = Style.css; sourceTree = "<group>"; };
		DC82525E297AF5770084389C /* Script.js */ = {isa = PBXFileReference; lastKnownFileType = sourcecode.javascript; path = Script.js; sourceTree = "<group>"; };
		DC82525F297AF5770084389C /* ViewController.swift */ = {isa = PBXFileReference; lastKnownFileType = sourcecode.swift; path = ViewController.swift; sourceTree = "<group>"; };
		DC825260297AF5780084389C /* Assets.xcassets */ = {isa = PBXFileReference; lastKnownFileType = folder.assetcatalog; path = Assets.xcassets; sourceTree = "<group>"; };
		DC825262297AF5780084389C /* SafariWebExtensionHandler.swift */ = {isa = PBXFileReference; lastKnownFileType = sourcecode.swift; path = SafariWebExtensionHandler.swift; sourceTree = "<group>"; };
		DC825264297AF5780084389C /* _locales */ = {isa = PBXFileReference; lastKnownFileType = folder; path = _locales; sourceTree = "<group>"; };
		DC825265297AF5780084389C /* images */ = {isa = PBXFileReference; lastKnownFileType = folder; path = images; sourceTree = "<group>"; };
		DC825266297AF5780084389C /* manifest.json */ = {isa = PBXFileReference; lastKnownFileType = text.json; path = manifest.json; sourceTree = "<group>"; };
		DC825267297AF5780084389C /* background.js */ = {isa = PBXFileReference; lastKnownFileType = sourcecode.javascript; path = background.js; sourceTree = "<group>"; };
		DC825268297AF5780084389C /* content.js */ = {isa = PBXFileReference; lastKnownFileType = sourcecode.javascript; path = content.js; sourceTree = "<group>"; };
		DC825269297AF5780084389C /* popup.html */ = {isa = PBXFileReference; lastKnownFileType = text.html; path = popup.html; sourceTree = "<group>"; };
		DC82526A297AF5780084389C /* popup.css */ = {isa = PBXFileReference; lastKnownFileType = text.css; path = popup.css; sourceTree = "<group>"; };
		DC82526B297AF5780084389C /* popup.js */ = {isa = PBXFileReference; lastKnownFileType = sourcecode.javascript; path = popup.js; sourceTree = "<group>"; };
		DC825270297AF5780084389C /* Dark Mode.app */ = {isa = PBXFileReference; explicitFileType = wrapper.application; includeInIndex = 0; path = "Dark Mode.app"; sourceTree = BUILT_PRODUCTS_DIR; };
		DC825273297AF5780084389C /* AppDelegate.swift */ = {isa = PBXFileReference; lastKnownFileType = sourcecode.swift; path = AppDelegate.swift; sourceTree = "<group>"; };
		DC825275297AF5780084389C /* SceneDelegate.swift */ = {isa = PBXFileReference; lastKnownFileType = sourcecode.swift; path = SceneDelegate.swift; sourceTree = "<group>"; };
		DC825278297AF5780084389C /* Base */ = {isa = PBXFileReference; lastKnownFileType = file.storyboard; name = Base; path = Base.lproj/LaunchScreen.storyboard; sourceTree = "<group>"; };
		DC82527B297AF5780084389C /* Base */ = {isa = PBXFileReference; lastKnownFileType = file.storyboard; name = Base; path = Base.lproj/Main.storyboard; sourceTree = "<group>"; };
		DC82527D297AF5780084389C /* Info.plist */ = {isa = PBXFileReference; lastKnownFileType = text.plist.xml; path = Info.plist; sourceTree = "<group>"; };
		DC825282297AF5780084389C /* Dark Mode.app */ = {isa = PBXFileReference; explicitFileType = wrapper.application; includeInIndex = 0; path = "Dark Mode.app"; sourceTree = BUILT_PRODUCTS_DIR; };
		DC825284297AF5780084389C /* AppDelegate.swift */ = {isa = PBXFileReference; lastKnownFileType = sourcecode.swift; path = AppDelegate.swift; sourceTree = "<group>"; };
		DC825287297AF5780084389C /* Base */ = {isa = PBXFileReference; lastKnownFileType = file.storyboard; name = Base; path = Base.lproj/Main.storyboard; sourceTree = "<group>"; };
		DC825289297AF5780084389C /* Dark Mode.entitlements */ = {isa = PBXFileReference; lastKnownFileType = text.plist.entitlements; path = "Dark Mode.entitlements"; sourceTree = "<group>"; };
		DC82528E297AF5780084389C /* Dark Mode Extension.appex */ = {isa = PBXFileReference; explicitFileType = "wrapper.app-extension"; includeInIndex = 0; path = "Dark Mode Extension.appex"; sourceTree = BUILT_PRODUCTS_DIR; };
		DC825293297AF5780084389C /* Info.plist */ = {isa = PBXFileReference; lastKnownFileType = text.plist.xml; path = Info.plist; sourceTree = "<group>"; };
		DC825298297AF5780084389C /* Dark Mode Extension.appex */ = {isa = PBXFileReference; explicitFileType = "wrapper.app-extension"; includeInIndex = 0; path = "Dark Mode Extension.appex"; sourceTree = BUILT_PRODUCTS_DIR; };
		DC82529D297AF5780084389C /* Info.plist */ = {isa = PBXFileReference; lastKnownFileType = text.plist.xml; path = Info.plist; sourceTree = "<group>"; };
		DC82529E297AF5780084389C /* Dark Mode.entitlements */ = {isa = PBXFileReference; lastKnownFileType = text.plist.entitlements; path = "Dark Mode.entitlements"; sourceTree = "<group>"; };
/* End PBXFileReference section */

/* Begin PBXFrameworksBuildPhase section */
		DC82526D297AF5780084389C /* Frameworks */ = {
			isa = PBXFrameworksBuildPhase;
			buildActionMask = 2147483647;
			files = (
			);
			runOnlyForDeploymentPostprocessing = 0;
		};
		DC82527F297AF5780084389C /* Frameworks */ = {
			isa = PBXFrameworksBuildPhase;
			buildActionMask = 2147483647;
			files = (
			);
			runOnlyForDeploymentPostprocessing = 0;
		};
		DC82528B297AF5780084389C /* Frameworks */ = {
			isa = PBXFrameworksBuildPhase;
			buildActionMask = 2147483647;
			files = (
			);
			runOnlyForDeploymentPostprocessing = 0;
		};
		DC825295297AF5780084389C /* Frameworks */ = {
			isa = PBXFrameworksBuildPhase;
			buildActionMask = 2147483647;
			files = (
			);
			runOnlyForDeploymentPostprocessing = 0;
		};
/* End PBXFrameworksBuildPhase section */

/* Begin PBXGroup section */
		DC825253297AF5760084389C = {
			isa = PBXGroup;
			children = (
				DC825258297AF5770084389C /* Shared (App) */,
				DC825261297AF5780084389C /* Shared (Extension) */,
				DC825272297AF5780084389C /* iOS (App) */,
				DC825283297AF5780084389C /* macOS (App) */,
				DC825292297AF5780084389C /* iOS (Extension) */,
				DC82529C297AF5780084389C /* macOS (Extension) */,
				DC825271297AF5780084389C /* Products */,
			);
			sourceTree = "<group>";
		};
		DC825258297AF5770084389C /* Shared (App) */ = {
			isa = PBXGroup;
			children = (
				DC82525F297AF5770084389C /* ViewController.swift */,
				DC825260297AF5780084389C /* Assets.xcassets */,
				DC825259297AF5770084389C /* Resources */,
			);
			path = "Shared (App)";
			sourceTree = "<group>";
		};
		DC825259297AF5770084389C /* Resources */ = {
			isa = PBXGroup;
			children = (
				DC82525A297AF5770084389C /* Main.html */,
				DC82525C297AF5770084389C /* Icon.png */,
				DC82525D297AF5770084389C /* Style.css */,
				DC82525E297AF5770084389C /* Script.js */,
			);
			path = Resources;
			sourceTree = "<group>";
		};
		DC825261297AF5780084389C /* Shared (Extension) */ = {
			isa = PBXGroup;
			children = (
				DC825262297AF5780084389C /* SafariWebExtensionHandler.swift */,
				DC825263297AF5780084389C /* Resources */,
			);
			path = "Shared (Extension)";
			sourceTree = "<group>";
		};
		DC825263297AF5780084389C /* Resources */ = {
			isa = PBXGroup;
			children = (
				DC825264297AF5780084389C /* _locales */,
				DC825265297AF5780084389C /* images */,
				DC825266297AF5780084389C /* manifest.json */,
				DC825267297AF5780084389C /* background.js */,
				DC825268297AF5780084389C /* content.js */,
				DC825269297AF5780084389C /* popup.html */,
				DC82526A297AF5780084389C /* popup.css */,
				DC82526B297AF5780084389C /* popup.js */,
			);
			path = Resources;
			sourceTree = "<group>";
		};
		DC825271297AF5780084389C /* Products */ = {
			isa = PBXGroup;
			children = (
				DC825270297AF5780084389C /* Dark Mode.app */,
				DC825282297AF5780084389C /* Dark Mode.app */,
				DC82528E297AF5780084389C /* Dark Mode Extension.appex */,
				DC825298297AF5780084389C /* Dark Mode Extension.appex */,
			);
			name = Products;
			sourceTree = "<group>";
		};
		DC825272297AF5780084389C /* iOS (App) */ = {
			isa = PBXGroup;
			children = (
				DC825273297AF5780084389C /* AppDelegate.swift */,
				DC825275297AF5780084389C /* SceneDelegate.swift */,
				DC825277297AF5780084389C /* LaunchScreen.storyboard */,
				DC82527A297AF5780084389C /* Main.storyboard */,
				DC82527D297AF5780084389C /* Info.plist */,
			);
			path = "iOS (App)";
			sourceTree = "<group>";
		};
		DC825283297AF5780084389C /* macOS (App) */ = {
			isa = PBXGroup;
			children = (
				DC825284297AF5780084389C /* AppDelegate.swift */,
				DC825286297AF5780084389C /* Main.storyboard */,
				DC825289297AF5780084389C /* Dark Mode.entitlements */,
			);
			path = "macOS (App)";
			sourceTree = "<group>";
		};
		DC825292297AF5780084389C /* iOS (Extension) */ = {
			isa = PBXGroup;
			children = (
				DC825293297AF5780084389C /* Info.plist */,
			);
			path = "iOS (Extension)";
			sourceTree = "<group>";
		};
		DC82529C297AF5780084389C /* macOS (Extension) */ = {
			isa = PBXGroup;
			children = (
				DC82529D297AF5780084389C /* Info.plist */,
				DC82529E297AF5780084389C /* Dark Mode.entitlements */,
			);
			path = "macOS (Extension)";
			sourceTree = "<group>";
		};
/* End PBXGroup section */

/* Begin PBXNativeTarget section */
		DC82526F297AF5780084389C /* Dark Mode (iOS) */ = {
			isa = PBXNativeTarget;
			buildConfigurationList = DC8252C3297AF5780084389C /* Build configuration list for PBXNativeTarget "Dark Mode (iOS)" */;
			buildPhases = (
				DC82526C297AF5780084389C /* Sources */,
				DC82526D297AF5780084389C /* Frameworks */,
				DC82526E297AF5780084389C /* Resources */,
				DC8252C2297AF5780084389C /* Embed Foundation Extensions */,
			);
			buildRules = (
			);
			dependencies = (
				DC825291297AF5780084389C /* PBXTargetDependency */,
			);
			name = "Dark Mode (iOS)";
			productName = "Dark Mode (iOS)";
			productReference = DC825270297AF5780084389C /* Dark Mode.app */;
			productType = "com.apple.product-type.application";
		};
		DC825281297AF5780084389C /* Dark Mode (macOS) */ = {
			isa = PBXNativeTarget;
			buildConfigurationList = DC8252CA297AF5780084389C /* Build configuration list for PBXNativeTarget "Dark Mode (macOS)" */;
			buildPhases = (
				DC82527E297AF5780084389C /* Sources */,
				DC82527F297AF5780084389C /* Frameworks */,
				DC825280297AF5780084389C /* Resources */,
				DC8252C9297AF5780084389C /* Embed Foundation Extensions */,
			);
			buildRules = (
			);
			dependencies = (
				DC82529B297AF5780084389C /* PBXTargetDependency */,
			);
			name = "Dark Mode (macOS)";
			productName = "Dark Mode (macOS)";
			productReference = DC825282297AF5780084389C /* Dark Mode.app */;
			productType = "com.apple.product-type.application";
		};
		DC82528D297AF5780084389C /* Dark Mode Extension (iOS) */ = {
			isa = PBXNativeTarget;
			buildConfigurationList = DC8252BF297AF5780084389C /* Build configuration list for PBXNativeTarget "Dark Mode Extension (iOS)" */;
			buildPhases = (
				DC82528A297AF5780084389C /* Sources */,
				DC82528B297AF5780084389C /* Frameworks */,
				DC82528C297AF5780084389C /* Resources */,
			);
			buildRules = (
			);
			dependencies = (
			);
			name = "Dark Mode Extension (iOS)";
			productName = "Dark Mode Extension (iOS)";
			productReference = DC82528E297AF5780084389C /* Dark Mode Extension.appex */;
			productType = "com.apple.product-type.app-extension";
		};
		DC825297297AF5780084389C /* Dark Mode Extension (macOS) */ = {
			isa = PBXNativeTarget;
			buildConfigurationList = DC8252C6297AF5780084389C /* Build configuration list for PBXNativeTarget "Dark Mode Extension (macOS)" */;
			buildPhases = (
				DC825294297AF5780084389C /* Sources */,
				DC825295297AF5780084389C /* Frameworks */,
				DC825296297AF5780084389C /* Resources */,
			);
			buildRules = (
			);
			dependencies = (
			);
			name = "Dark Mode Extension (macOS)";
			productName = "Dark Mode Extension (macOS)";
			productReference = DC825298297AF5780084389C /* Dark Mode Extension.appex */;
			productType = "com.apple.product-type.app-extension";
		};
/* End PBXNativeTarget section */

/* Begin PBXProject section */
		DC825254297AF5760084389C /* Project object */ = {
			isa = PBXProject;
			attributes = {
				BuildIndependentTargetsInParallel = 1;
				LastSwiftUpdateCheck = 1420;
				LastUpgradeCheck = 1420;
				TargetAttributes = {
					DC82526F297AF5780084389C = {
						CreatedOnToolsVersion = 14.2;
					};
					DC825281297AF5780084389C = {
						CreatedOnToolsVersion = 14.2;
					};
					DC82528D297AF5780084389C = {
						CreatedOnToolsVersion = 14.2;
					};
					DC825297297AF5780084389C = {
						CreatedOnToolsVersion = 14.2;
					};
				};
			};
			buildConfigurationList = DC825257297AF5760084389C /* Build configuration list for PBXProject "Dark Mode" */;
			compatibilityVersion = "Xcode 14.0";
			developmentRegion = en;
			hasScannedForEncodings = 0;
			knownRegions = (
				en,
				Base,
			);
			mainGroup = DC825253297AF5760084389C;
			productRefGroup = DC825271297AF5780084389C /* Products */;
			projectDirPath = "";
			projectRoot = "";
			targets = (
				DC82526F297AF5780084389C /* Dark Mode (iOS) */,
				DC825281297AF5780084389C /* Dark Mode (macOS) */,
				DC82528D297AF5780084389C /* Dark Mode Extension (iOS) */,
				DC825297297AF5780084389C /* Dark Mode Extension (macOS) */,
			);
		};
/* End PBXProject section */

/* Begin PBXResourcesBuildPhase section */
		DC82526E297AF5780084389C /* Resources */ = {
			isa = PBXResourcesBuildPhase;
			buildActionMask = 2147483647;
			files = (
				DC8252A1297AF5780084389C /* Icon.png in Resources */,
				DC825279297AF5780084389C /* LaunchScreen.storyboard in Resources */,
				DC82529F297AF5780084389C /* Main.html in Resources */,
				DC8252A5297AF5780084389C /* Script.js in Resources */,
				DC8252A9297AF5780084389C /* Assets.xcassets in Resources */,
				DC82527C297AF5780084389C /* Main.storyboard in Resources */,
				DC8252A3297AF5780084389C /* Style.css in Resources */,
			);
			runOnlyForDeploymentPostprocessing = 0;
		};
		DC825280297AF5780084389C /* Resources */ = {
			isa = PBXResourcesBuildPhase;
			buildActionMask = 2147483647;
			files = (
				DC8252A2297AF5780084389C /* Icon.png in Resources */,
				DC8252A4297AF5780084389C /* Style.css in Resources */,
				DC825288297AF5780084389C /* Main.storyboard in Resources */,
				DC8252A6297AF5780084389C /* Script.js in Resources */,
				DC8252AA297AF5780084389C /* Assets.xcassets in Resources */,
				DC8252A0297AF5780084389C /* Main.html in Resources */,
			);
			runOnlyForDeploymentPostprocessing = 0;
		};
		DC82528C297AF5780084389C /* Resources */ = {
			isa = PBXResourcesBuildPhase;
			buildActionMask = 2147483647;
			files = (
				DC8252B3297AF5780084389C /* background.js in Resources */,
				DC8252B9297AF5780084389C /* popup.css in Resources */,
				DC8252B7297AF5780084389C /* popup.html in Resources */,
				DC8252AF297AF5780084389C /* images in Resources */,
				DC8252B1297AF5780084389C /* manifest.json in Resources */,
				DC8252AD297AF5780084389C /* _locales in Resources */,
				DC8252B5297AF5780084389C /* content.js in Resources */,
				DC8252BB297AF5780084389C /* popup.js in Resources */,
			);
			runOnlyForDeploymentPostprocessing = 0;
		};
		DC825296297AF5780084389C /* Resources */ = {
			isa = PBXResourcesBuildPhase;
			buildActionMask = 2147483647;
			files = (
				DC8252B4297AF5780084389C /* background.js in Resources */,
				DC8252BA297AF5780084389C /* popup.css in Resources */,
				DC8252B8297AF5780084389C /* popup.html in Resources */,
				DC8252B0297AF5780084389C /* images in Resources */,
				DC8252B2297AF5780084389C /* manifest.json in Resources */,
				DC8252AE297AF5780084389C /* _locales in Resources */,
				DC8252B6297AF5780084389C /* content.js in Resources */,
				DC8252BC297AF5780084389C /* popup.js in Resources */,
			);
			runOnlyForDeploymentPostprocessing = 0;
		};
/* End PBXResourcesBuildPhase section */

/* Begin PBXSourcesBuildPhase section */
		DC82526C297AF5780084389C /* Sources */ = {
			isa = PBXSourcesBuildPhase;
			buildActionMask = 2147483647;
			files = (
				DC8252A7297AF5780084389C /* ViewController.swift in Sources */,
				DC825274297AF5780084389C /* AppDelegate.swift in Sources */,
				DC825276297AF5780084389C /* SceneDelegate.swift in Sources */,
			);
			runOnlyForDeploymentPostprocessing = 0;
		};
		DC82527E297AF5780084389C /* Sources */ = {
			isa = PBXSourcesBuildPhase;
			buildActionMask = 2147483647;
			files = (
				DC8252A8297AF5780084389C /* ViewController.swift in Sources */,
				DC825285297AF5780084389C /* AppDelegate.swift in Sources */,
			);
			runOnlyForDeploymentPostprocessing = 0;
		};
		DC82528A297AF5780084389C /* Sources */ = {
			isa = PBXSourcesBuildPhase;
			buildActionMask = 2147483647;
			files = (
				DC8252AB297AF5780084389C /* SafariWebExtensionHandler.swift in Sources */,
			);
			runOnlyForDeploymentPostprocessing = 0;
		};
		DC825294297AF5780084389C /* Sources */ = {
			isa = PBXSourcesBuildPhase;
			buildActionMask = 2147483647;
			files = (
				DC8252AC297AF5780084389C /* SafariWebExtensionHandler.swift in Sources */,
			);
			runOnlyForDeploymentPostprocessing = 0;
		};
/* End PBXSourcesBuildPhase section */

/* Begin PBXTargetDependency section */
		DC825291297AF5780084389C /* PBXTargetDependency */ = {
			isa = PBXTargetDependency;
			target = DC82528D297AF5780084389C /* Dark Mode Extension (iOS) */;
			targetProxy = DC825290297AF5780084389C /* PBXContainerItemProxy */;
		};
		DC82529B297AF5780084389C /* PBXTargetDependency */ = {
			isa = PBXTargetDependency;
			target = DC825297297AF5780084389C /* Dark Mode Extension (macOS) */;
			targetProxy = DC82529A297AF5780084389C /* PBXContainerItemProxy */;
		};
/* End PBXTargetDependency section */

/* Begin PBXVariantGroup section */
		DC82525A297AF5770084389C /* Main.html */ = {
			isa = PBXVariantGroup;
			children = (
				DC82525B297AF5770084389C /* Base */,
			);
			name = Main.html;
			sourceTree = "<group>";
		};
		DC825277297AF5780084389C /* LaunchScreen.storyboard */ = {
			isa = PBXVariantGroup;
			children = (
				DC825278297AF5780084389C /* Base */,
			);
			name = LaunchScreen.storyboard;
			sourceTree = "<group>";
		};
		DC82527A297AF5780084389C /* Main.storyboard */ = {
			isa = PBXVariantGroup;
			children = (
				DC82527B297AF5780084389C /* Base */,
			);
			name = Main.storyboard;
			sourceTree = "<group>";
		};
		DC825286297AF5780084389C /* Main.storyboard */ = {
			isa = PBXVariantGroup;
			children = (
				DC825287297AF5780084389C /* Base */,
			);
			name = Main.storyboard;
			sourceTree = "<group>";
		};
/* End PBXVariantGroup section */

/* Begin XCBuildConfiguration section */
		DC8252BD297AF5780084389C /* Debug */ = {
			isa = XCBuildConfiguration;
			buildSettings = {
				ALWAYS_SEARCH_USER_PATHS = NO;
				CLANG_ANALYZER_NONNULL = YES;
				CLANG_ANALYZER_NUMBER_OBJECT_CONVERSION = YES_AGGRESSIVE;
				CLANG_CXX_LANGUAGE_STANDARD = "gnu++20";
				CLANG_ENABLE_MODULES = YES;
				CLANG_ENABLE_OBJC_ARC = YES;
				CLANG_ENABLE_OBJC_WEAK = YES;
				CLANG_WARN_BLOCK_CAPTURE_AUTORELEASING = YES;
				CLANG_WARN_BOOL_CONVERSION = YES;
				CLANG_WARN_COMMA = YES;
				CLANG_WARN_CONSTANT_CONVERSION = YES;
				CLANG_WARN_DEPRECATED_OBJC_IMPLEMENTATIONS = YES;
				CLANG_WARN_DIRECT_OBJC_ISA_USAGE = YES_ERROR;
				CLANG_WARN_DOCUMENTATION_COMMENTS = YES;
				CLANG_WARN_EMPTY_BODY = YES;
				CLANG_WARN_ENUM_CONVERSION = YES;
				CLANG_WARN_INFINITE_RECURSION = YES;
				CLANG_WARN_INT_CONVERSION = YES;
				CLANG_WARN_NON_LITERAL_NULL_CONVERSION = YES;
				CLANG_WARN_OBJC_IMPLICIT_RETAIN_SELF = YES;
				CLANG_WARN_OBJC_LITERAL_CONVERSION = YES;
				CLANG_WARN_OBJC_ROOT_CLASS = YES_ERROR;
				CLANG_WARN_QUOTED_INCLUDE_IN_FRAMEWORK_HEADER = YES;
				CLANG_WARN_RANGE_LOOP_ANALYSIS = YES;
				CLANG_WARN_STRICT_PROTOTYPES = YES;
				CLANG_WARN_SUSPICIOUS_MOVE = YES;
				CLANG_WARN_UNGUARDED_AVAILABILITY = YES_AGGRESSIVE;
				CLANG_WARN_UNREACHABLE_CODE = YES;
				CLANG_WARN__DUPLICATE_METHOD_MATCH = YES;
				COPY_PHASE_STRIP = NO;
				DEBUG_INFORMATION_FORMAT = dwarf;
				ENABLE_STRICT_OBJC_MSGSEND = YES;
				ENABLE_TESTABILITY = YES;
				GCC_C_LANGUAGE_STANDARD = gnu11;
				GCC_DYNAMIC_NO_PIC = NO;
				GCC_NO_COMMON_BLOCKS = YES;
				GCC_OPTIMIZATION_LEVEL = 0;
				GCC_PREPROCESSOR_DEFINITIONS = (
					"DEBUG=1",
					"$(inherited)",
				);
				GCC_WARN_64_TO_32_BIT_CONVERSION = YES;
				GCC_WARN_ABOUT_RETURN_TYPE = YES_ERROR;
				GCC_WARN_UNDECLARED_SELECTOR = YES;
				GCC_WARN_UNINITIALIZED_AUTOS = YES_AGGRESSIVE;
				GCC_WARN_UNUSED_FUNCTION = YES;
				GCC_WARN_UNUSED_VARIABLE = YES;
				MTL_ENABLE_DEBUG_INFO = INCLUDE_SOURCE;
				MTL_FAST_MATH = YES;
				ONLY_ACTIVE_ARCH = YES;
				SWIFT_ACTIVE_COMPILATION_CONDITIONS = DEBUG;
				SWIFT_OPTIMIZATION_LEVEL = "-Onone";
			};
			name = Debug;
		};
		DC8252BE297AF5780084389C /* Release */ = {
			isa = XCBuildConfiguration;
			buildSettings = {
				ALWAYS_SEARCH_USER_PATHS = NO;
				CLANG_ANALYZER_NONNULL = YES;
				CLANG_ANALYZER_NUMBER_OBJECT_CONVERSION = YES_AGGRESSIVE;
				CLANG_CXX_LANGUAGE_STANDARD = "gnu++20";
				CLANG_ENABLE_MODULES = YES;
				CLANG_ENABLE_OBJC_ARC = YES;
				CLANG_ENABLE_OBJC_WEAK = YES;
				CLANG_WARN_BLOCK_CAPTURE_AUTORELEASING = YES;
				CLANG_WARN_BOOL_CONVERSION = YES;
				CLANG_WARN_COMMA = YES;
				CLANG_WARN_CONSTANT_CONVERSION = YES;
				CLANG_WARN_DEPRECATED_OBJC_IMPLEMENTATIONS = YES;
				CLANG_WARN_DIRECT_OBJC_ISA_USAGE = YES_ERROR;
				CLANG_WARN_DOCUMENTATION_COMMENTS = YES;
				CLANG_WARN_EMPTY_BODY = YES;
				CLANG_WARN_ENUM_CONVERSION = YES;
				CLANG_WARN_INFINITE_RECURSION = YES;
				CLANG_WARN_INT_CONVERSION = YES;
				CLANG_WARN_NON_LITERAL_NULL_CONVERSION = YES;
				CLANG_WARN_OBJC_IMPLICIT_RETAIN_SELF = YES;
				CLANG_WARN_OBJC_LITERAL_CONVERSION = YES;
				CLANG_WARN_OBJC_ROOT_CLASS = YES_ERROR;
				CLANG_WARN_QUOTED_INCLUDE_IN_FRAMEWORK_HEADER = YES;
				CLANG_WARN_RANGE_LOOP_ANALYSIS = YES;
				CLANG_WARN_STRICT_PROTOTYPES = YES;
				CLANG_WARN_SUSPICIOUS_MOVE = YES;
				CLANG_WARN_UNGUARDED_AVAILABILITY = YES_AGGRESSIVE;
				CLANG_WARN_UNREACHABLE_CODE = YES;
				CLANG_WARN__DUPLICATE_METHOD_MATCH = YES;
				COPY_PHASE_STRIP = NO;
				DEBUG_INFORMATION_FORMAT = "dwarf-with-dsym";
				ENABLE_NS_ASSERTIONS = NO;
				ENABLE_STRICT_OBJC_MSGSEND = YES;
				GCC_C_LANGUAGE_STANDARD = gnu11;
				GCC_NO_COMMON_BLOCKS = YES;
				GCC_WARN_64_TO_32_BIT_CONVERSION = YES;
				GCC_WARN_ABOUT_RETURN_TYPE = YES_ERROR;
				GCC_WARN_UNDECLARED_SELECTOR = YES;
				GCC_WARN_UNINITIALIZED_AUTOS = YES_AGGRESSIVE;
				GCC_WARN_UNUSED_FUNCTION = YES;
				GCC_WARN_UNUSED_VARIABLE = YES;
				MTL_ENABLE_DEBUG_INFO = NO;
				MTL_FAST_MATH = YES;
				SWIFT_COMPILATION_MODE = wholemodule;
				SWIFT_OPTIMIZATION_LEVEL = "-O";
			};
			name = Release;
		};
		DC8252C0297AF5780084389C /* Debug */ = {
			isa = XCBuildConfiguration;
			buildSettings = {
				CODE_SIGN_STYLE = Automatic;
				CURRENT_PROJECT_VERSION = 1;
				GENERATE_INFOPLIST_FILE = YES;
				INFOPLIST_FILE = "iOS (Extension)/Info.plist";
				INFOPLIST_KEY_CFBundleDisplayName = "Dark Mode Extension";
				INFOPLIST_KEY_NSHumanReadableCopyright = "";
				IPHONEOS_DEPLOYMENT_TARGET = 15.0;
				LD_RUNPATH_SEARCH_PATHS = (
					"$(inherited)",
					"@executable_path/Frameworks",
					"@executable_path/../../Frameworks",
				);
				MARKETING_VERSION = 1.0;
				OTHER_LDFLAGS = (
					"-framework",
					SafariServices,
				);
				PRODUCT_BUNDLE_IDENTIFIER = "zied.Dark-Mode.Extension";
				PRODUCT_NAME = "Dark Mode Extension";
				SDKROOT = iphoneos;
				SKIP_INSTALL = YES;
				SWIFT_EMIT_LOC_STRINGS = YES;
				SWIFT_VERSION = 5.0;
				TARGETED_DEVICE_FAMILY = "1,2";
			};
			name = Debug;
		};
		DC8252C1297AF5780084389C /* Release */ = {
			isa = XCBuildConfiguration;
			buildSettings = {
				CODE_SIGN_STYLE = Automatic;
				CURRENT_PROJECT_VERSION = 1;
				GENERATE_INFOPLIST_FILE = YES;
				INFOPLIST_FILE = "iOS (Extension)/Info.plist";
				INFOPLIST_KEY_CFBundleDisplayName = "Dark Mode Extension";
				INFOPLIST_KEY_NSHumanReadableCopyright = "";
				IPHONEOS_DEPLOYMENT_TARGET = 15.0;
				LD_RUNPATH_SEARCH_PATHS = (
					"$(inherited)",
					"@executable_path/Frameworks",
					"@executable_path/../../Frameworks",
				);
				MARKETING_VERSION = 1.0;
				OTHER_LDFLAGS = (
					"-framework",
					SafariServices,
				);
				PRODUCT_BUNDLE_IDENTIFIER = "zied.Dark-Mode.Extension";
				PRODUCT_NAME = "Dark Mode Extension";
				SDKROOT = iphoneos;
				SKIP_INSTALL = YES;
				SWIFT_EMIT_LOC_STRINGS = YES;
				SWIFT_VERSION = 5.0;
				TARGETED_DEVICE_FAMILY = "1,2";
				VALIDATE_PRODUCT = YES;
			};
			name = Release;
		};
		DC8252C4297AF5780084389C /* Debug */ = {
			isa = XCBuildConfiguration;
			buildSettings = {
				ALWAYS_EMBED_SWIFT_STANDARD_LIBRARIES = YES;
				ASSETCATALOG_COMPILER_APPICON_NAME = AppIcon;
				ASSETCATALOG_COMPILER_GLOBAL_ACCENT_COLOR_NAME = AccentColor;
				CODE_SIGN_STYLE = Automatic;
				CURRENT_PROJECT_VERSION = 1;
				GENERATE_INFOPLIST_FILE = YES;
				INFOPLIST_FILE = "iOS (App)/Info.plist";
				INFOPLIST_KEY_CFBundleDisplayName = "Dark Mode";
				INFOPLIST_KEY_UIApplicationSupportsIndirectInputEvents = YES;
				INFOPLIST_KEY_UILaunchStoryboardName = LaunchScreen;
				INFOPLIST_KEY_UIMainStoryboardFile = Main;
				INFOPLIST_KEY_UISupportedInterfaceOrientations = "UIInterfaceOrientationPortrait UIInterfaceOrientationLandscapeLeft UIInterfaceOrientationLandscapeRight";
				INFOPLIST_KEY_UISupportedInterfaceOrientations_iPad = "UIInterfaceOrientationPortrait UIInterfaceOrientationPortraitUpsideDown UIInterfaceOrientationLandscapeLeft UIInterfaceOrientationLandscapeRight";
				IPHONEOS_DEPLOYMENT_TARGET = 15.0;
				LD_RUNPATH_SEARCH_PATHS = (
					"$(inherited)",
					"@executable_path/Frameworks",
				);
				MARKETING_VERSION = 1.0;
				OTHER_LDFLAGS = (
					"-framework",
					SafariServices,
					"-framework",
					WebKit,
				);
				PRODUCT_BUNDLE_IDENTIFIER = "zied.Dark-Mode";
				PRODUCT_NAME = "Dark Mode";
				SDKROOT = iphoneos;
				SWIFT_EMIT_LOC_STRINGS = YES;
				SWIFT_VERSION = 5.0;
				TARGETED_DEVICE_FAMILY = "1,2";
			};
			name = Debug;
		};
		DC8252C5297AF5780084389C /* Release */ = {
			isa = XCBuildConfiguration;
			buildSettings = {
				ALWAYS_EMBED_SWIFT_STANDARD_LIBRARIES = YES;
				ASSETCATALOG_COMPILER_APPICON_NAME = AppIcon;
				ASSETCATALOG_COMPILER_GLOBAL_ACCENT_COLOR_NAME = AccentColor;
				CODE_SIGN_STYLE = Automatic;
				CURRENT_PROJECT_VERSION = 1;
				GENERATE_INFOPLIST_FILE = YES;
				INFOPLIST_FILE = "iOS (App)/Info.plist";
				INFOPLIST_KEY_CFBundleDisplayName = "Dark Mode";
				INFOPLIST_KEY_UIApplicationSupportsIndirectInputEvents = YES;
				INFOPLIST_KEY_UILaunchStoryboardName = LaunchScreen;
				INFOPLIST_KEY_UIMainStoryboardFile = Main;
				INFOPLIST_KEY_UISupportedInterfaceOrientations = "UIInterfaceOrientationPortrait UIInterfaceOrientationLandscapeLeft UIInterfaceOrientationLandscapeRight";
				INFOPLIST_KEY_UISupportedInterfaceOrientations_iPad = "UIInterfaceOrientationPortrait UIInterfaceOrientationPortraitUpsideDown UIInterfaceOrientationLandscapeLeft UIInterfaceOrientationLandscapeRight";
				IPHONEOS_DEPLOYMENT_TARGET = 15.0;
				LD_RUNPATH_SEARCH_PATHS = (
					"$(inherited)",
					"@executable_path/Frameworks",
				);
				MARKETING_VERSION = 1.0;
				OTHER_LDFLAGS = (
					"-framework",
					SafariServices,
					"-framework",
					WebKit,
				);
				PRODUCT_BUNDLE_IDENTIFIER = "zied.Dark-Mode";
				PRODUCT_NAME = "Dark Mode";
				SDKROOT = iphoneos;
				SWIFT_EMIT_LOC_STRINGS = YES;
				SWIFT_VERSION = 5.0;
				TARGETED_DEVICE_FAMILY = "1,2";
				VALIDATE_PRODUCT = YES;
			};
			name = Release;
		};
		DC8252C7297AF5780084389C /* Debug */ = {
			isa = XCBuildConfiguration;
			buildSettings = {
				CODE_SIGN_ENTITLEMENTS = "macOS (Extension)/Dark Mode.entitlements";
				CODE_SIGN_STYLE = Automatic;
				CURRENT_PROJECT_VERSION = 1;
				ENABLE_HARDENED_RUNTIME = YES;
				GENERATE_INFOPLIST_FILE = YES;
				INFOPLIST_FILE = "macOS (Extension)/Info.plist";
				INFOPLIST_KEY_CFBundleDisplayName = "Dark Mode Extension";
				INFOPLIST_KEY_NSHumanReadableCopyright = "";
				LD_RUNPATH_SEARCH_PATHS = (
					"$(inherited)",
					"@executable_path/../Frameworks",
					"@executable_path/../../../../Frameworks",
				);
				MACOSX_DEPLOYMENT_TARGET = 10.14;
				MARKETING_VERSION = 1.0;
				OTHER_LDFLAGS = (
					"-framework",
					SafariServices,
				);
				PRODUCT_BUNDLE_IDENTIFIER = "zied.Dark-Mode.Extension";
				PRODUCT_NAME = "Dark Mode Extension";
				SDKROOT = macosx;
				SKIP_INSTALL = YES;
				SWIFT_EMIT_LOC_STRINGS = YES;
				SWIFT_VERSION = 5.0;
			};
			name = Debug;
		};
		DC8252C8297AF5780084389C /* Release */ = {
			isa = XCBuildConfiguration;
			buildSettings = {
				CODE_SIGN_ENTITLEMENTS = "macOS (Extension)/Dark Mode.entitlements";
				CODE_SIGN_STYLE = Automatic;
				CURRENT_PROJECT_VERSION = 1;
				ENABLE_HARDENED_RUNTIME = YES;
				GENERATE_INFOPLIST_FILE = YES;
				INFOPLIST_FILE = "macOS (Extension)/Info.plist";
				INFOPLIST_KEY_CFBundleDisplayName = "Dark Mode Extension";
				INFOPLIST_KEY_NSHumanReadableCopyright = "";
				LD_RUNPATH_SEARCH_PATHS = (
					"$(inherited)",
					"@executable_path/../Frameworks",
					"@executable_path/../../../../Frameworks",
				);
				MACOSX_DEPLOYMENT_TARGET = 10.14;
				MARKETING_VERSION = 1.0;
				OTHER_LDFLAGS = (
					"-framework",
					SafariServices,
				);
				PRODUCT_BUNDLE_IDENTIFIER = "zied.Dark-Mode.Extension";
				PRODUCT_NAME = "Dark Mode Extension";
				SDKROOT = macosx;
				SKIP_INSTALL = YES;
				SWIFT_EMIT_LOC_STRINGS = YES;
				SWIFT_VERSION = 5.0;
			};
			name = Release;
		};
		DC8252CB297AF5780084389C /* Debug */ = {
			isa = XCBuildConfiguration;
			buildSettings = {
				ALWAYS_EMBED_SWIFT_STANDARD_LIBRARIES = YES;
				ASSETCATALOG_COMPILER_APPICON_NAME = AppIcon;
				ASSETCATALOG_COMPILER_GLOBAL_ACCENT_COLOR_NAME = AccentColor;
				CODE_SIGN_ENTITLEMENTS = "macOS (App)/Dark Mode.entitlements";
				CODE_SIGN_STYLE = Automatic;
				CURRENT_PROJECT_VERSION = 1;
				ENABLE_HARDENED_RUNTIME = YES;
				GENERATE_INFOPLIST_FILE = YES;
				INFOPLIST_KEY_CFBundleDisplayName = "Dark Mode";
				INFOPLIST_KEY_NSMainStoryboardFile = Main;
				INFOPLIST_KEY_NSPrincipalClass = NSApplication;
				LD_RUNPATH_SEARCH_PATHS = (
					"$(inherited)",
					"@executable_path/../Frameworks",
				);
				MACOSX_DEPLOYMENT_TARGET = 10.14;
				MARKETING_VERSION = 1.0;
				OTHER_LDFLAGS = (
					"-framework",
					SafariServices,
					"-framework",
					WebKit,
				);
				PRODUCT_BUNDLE_IDENTIFIER = "zied.Dark-Mode";
				PRODUCT_NAME = "Dark Mode";
				SDKROOT = macosx;
				SWIFT_EMIT_LOC_STRINGS = YES;
				SWIFT_VERSION = 5.0;
			};
			name = Debug;
		};
		DC8252CC297AF5780084389C /* Release */ = {
			isa = XCBuildConfiguration;
			buildSettings = {
				ALWAYS_EMBED_SWIFT_STANDARD_LIBRARIES = YES;
				ASSETCATALOG_COMPILER_APPICON_NAME = AppIcon;
				ASSETCATALOG_COMPILER_GLOBAL_ACCENT_COLOR_NAME = AccentColor;
				CODE_SIGN_ENTITLEMENTS = "macOS (App)/Dark Mode.entitlements";
				CODE_SIGN_STYLE = Automatic;
				CURRENT_PROJECT_VERSION = 1;
				ENABLE_HARDENED_RUNTIME = YES;
				GENERATE_INFOPLIST_FILE = YES;
				INFOPLIST_KEY_CFBundleDisplayName = "Dark Mode";
				INFOPLIST_KEY_NSMainStoryboardFile = Main;
				INFOPLIST_KEY_NSPrincipalClass = NSApplication;
				LD_RUNPATH_SEARCH_PATHS = (
					"$(inherited)",
					"@executable_path/../Frameworks",
				);
				MACOSX_DEPLOYMENT_TARGET = 10.14;
				MARKETING_VERSION = 1.0;
				OTHER_LDFLAGS = (
					"-framework",
					SafariServices,
					"-framework",
					WebKit,
				);
				PRODUCT_BUNDLE_IDENTIFIER = "zied.Dark-Mode";
				PRODUCT_NAME = "Dark Mode";
				SDKROOT = macosx;
				SWIFT_EMIT_LOC_STRINGS = YES;
				SWIFT_VERSION = 5.0;
			};
			name = Release;
		};
/* End XCBuildConfiguration section */

/* Begin XCConfigurationList section */
		DC825257297AF5760084389C /* Build configuration list for PBXProject "Dark Mode" */ = {
			isa = XCConfigurationList;
			buildConfigurations = (
				DC8252BD297AF5780084389C /* Debug */,
				DC8252BE297AF5780084389C /* Release */,
			);
			defaultConfigurationIsVisible = 0;
			defaultConfigurationName = Release;
		};
		DC8252BF297AF5780084389C /* Build configuration list for PBXNativeTarget "Dark Mode Extension (iOS)" */ = {
			isa = XCConfigurationList;
			buildConfigurations = (
				DC8252C0297AF5780084389C /* Debug */,
				DC8252C1297AF5780084389C /* Release */,
			);
			defaultConfigurationIsVisible = 0;
			defaultConfigurationName = Release;
		};
		DC8252C3297AF5780084389C /* Build configuration list for PBXNativeTarget "Dark Mode (iOS)" */ = {
			isa = XCConfigurationList;
			buildConfigurations = (
				DC8252C4297AF5780084389C /* Debug */,
				DC8252C5297AF5780084389C /* Release */,
			);
			defaultConfigurationIsVisible = 0;
			defaultConfigurationName = Release;
		};
		DC8252C6297AF5780084389C /* Build configuration list for PBXNativeTarget "Dark Mode Extension (macOS)" */ = {
			isa = XCConfigurationList;
			buildConfigurations = (
				DC8252C7297AF5780084389C /* Debug */,
				DC8252C8297AF5780084389C /* Release */,
			);
			defaultConfigurationIsVisible = 0;
			defaultConfigurationName = Release;
		};
		DC8252CA297AF5780084389C /* Build configuration list for PBXNativeTarget "Dark Mode (macOS)" */ = {
			isa = XCConfigurationList;
			buildConfigurations = (
				DC8252CB297AF5780084389C /* Debug */,
				DC8252CC297AF5780084389C /* Release */,
			);
			defaultConfigurationIsVisible = 0;
			defaultConfigurationName = Release;
		};
/* End XCConfigurationList section */
	};
	rootObject = DC825254297AF5760084389C /* Project object */;
}
